
Microsoft Visual Studio Solution File, Format Version 12.00
# Visual Studio Version 17
VisualStudioVersion = 17.13.35818.85
MinimumVisualStudioVersion = 10.0.40219.1
Project("{FAE04EC0-301F-11D3-BF4B-00C04F79EFBC}") = "ConsoleAppWPL2DemoTesting", "ConsoleAppWPL2DemoTesting\ConsoleAppWPL2DemoTesting.csproj", "{117E18BD-0AFB-46A5-967B-5C1545EB54D8}"
EndProject
Project("{FAE04EC0-301F-11D3-BF4B-00C04F79EFBC}") = "Test2Demo", "Test2Demo\Test2Demo.csproj", "{1E9E90FF-7D80-4E89-AF4F-F7989377D9F8}"
EndProject
Global
	GlobalSection(SolutionConfigurationPlatforms) = preSolution
		Debug|Any CPU = Debug|Any CPU
		Release|Any CPU = Release|Any CPU
	EndGlobalSection
	GlobalSection(ProjectConfigurationPlatforms) = postSolution
		{117E18BD-0AFB-46A5-967B-5C1545EB54D8}.Debug|Any CPU.ActiveCfg = Debug|Any CPU
		{117E18BD-0AFB-46A5-967B-5C1545EB54D8}.Debug|Any CPU.Build.0 = Debug|Any CPU
		{117E18BD-0AFB-46A5-967B-5C1545EB54D8}.Release|Any CPU.ActiveCfg = Release|Any CPU
		{117E18BD-0AFB-46A5-967B-5C1545EB54D8}.Release|Any CPU.Build.0 = Release|Any CPU
		{1E9E90FF-7D80-4E89-AF4F-F7989377D9F8}.Debug|Any CPU.ActiveCfg = Debug|Any CPU
		{1E9E90FF-7D80-4E89-AF4F-F7989377D9F8}.Debug|Any CPU.Build.0 = Debug|Any CPU
		{1E9E90FF-7D80-4E89-AF4F-F7989377D9F8}.Release|Any CPU.ActiveCfg = Release|Any CPU
		{1E9E90FF-7D80-4E89-AF4F-F7989377D9F8}.Release|Any CPU.Build.0 = Release|Any CPU
	EndGlobalSection
	GlobalSection(SolutionProperties) = preSolution
		HideSolutionNode = FALSE
	EndGlobalSection
	GlobalSection(ExtensibilityGlobals) = postSolution
		SolutionGuid = {DAEED5CF-D9EB-4A90-A98A-C05A6DA6003E}
	EndGlobalSection
EndGlobal
