
Microsoft Visual Studio Solution File, Format Version 12.00
# Visual Studio Version 17
VisualStudioVersion = 17.13.35806.99 d17.13
MinimumVisualStudioVersion = 10.0.40219.1
Project("{FAE04EC0-301F-11D3-BF4B-00C04F79EFBC}") = "Monitoraat", "Monitoraat\Monitoraat.csproj", "{0FE22CC3-A885-4F1C-A204-BB4D8F4DE7D4}"
EndProject
Global
	GlobalSection(SolutionConfigurationPlatforms) = preSolution
		Debug|Any CPU = Debug|Any CPU
		Release|Any CPU = Release|Any CPU
	EndGlobalSection
	GlobalSection(ProjectConfigurationPlatforms) = postSolution
		{0FE22CC3-A885-4F1C-A204-BB4D8F4DE7D4}.Debug|Any CPU.ActiveCfg = Debug|Any CPU
		{0FE22CC3-A885-4F1C-A204-BB4D8F4DE7D4}.Debug|Any CPU.Build.0 = Debug|Any CPU
		{0FE22CC3-A885-4F1C-A204-BB4D8F4DE7D4}.Release|Any CPU.ActiveCfg = Release|Any CPU
		{0FE22CC3-A885-4F1C-A204-BB4D8F4DE7D4}.Release|Any CPU.Build.0 = Release|Any CPU
	EndGlobalSection
	GlobalSection(SolutionProperties) = preSolution
		HideSolutionNode = FALSE
	EndGlobalSection
	GlobalSection(ExtensibilityGlobals) = postSolution
		SolutionGuid = {FD217B76-AEE2-4AFE-8067-09B2152B51A6}
	EndGlobalSection
EndGlobal
