
Microsoft Visual Studio Solution File, Format Version 12.00
# Visual Studio Version 17
VisualStudioVersion = 17.13.35806.99 d17.13
MinimumVisualStudioVersion = 10.0.40219.1
Project("{FAE04EC0-301F-11D3-BF4B-00C04F79EFBC}") = "Oef01", "Oef01\Oef01.csproj", "{C9CD2F7B-7F79-4A2E-B08A-D4FA7F6D90B7}"
EndProject
Global
	GlobalSection(SolutionConfigurationPlatforms) = preSolution
		Debug|Any CPU = Debug|Any CPU
		Release|Any CPU = Release|Any CPU
	EndGlobalSection
	GlobalSection(ProjectConfigurationPlatforms) = postSolution
		{C9CD2F7B-7F79-4A2E-B08A-D4FA7F6D90B7}.Debug|Any CPU.ActiveCfg = Debug|Any CPU
		{C9CD2F7B-7F79-4A2E-B08A-D4FA7F6D90B7}.Debug|Any CPU.Build.0 = Debug|Any CPU
		{C9CD2F7B-7F79-4A2E-B08A-D4FA7F6D90B7}.Release|Any CPU.ActiveCfg = Release|Any CPU
		{C9CD2F7B-7F79-4A2E-B08A-D4FA7F6D90B7}.Release|Any CPU.Build.0 = Release|Any CPU
	EndGlobalSection
	GlobalSection(SolutionProperties) = preSolution
		HideSolutionNode = FALSE
	EndGlobalSection
	GlobalSection(ExtensibilityGlobals) = postSolution
		SolutionGuid = {730444DC-55CB-459E-976F-82A9FF9EC136}
	EndGlobalSection
EndGlobal
