
Microsoft Visual Studio Solution File, Format Version 12.00
# Visual Studio Version 17
VisualStudioVersion = 17.9.34622.214
MinimumVisualStudioVersion = 10.0.40219.1
Project("{FAE04EC0-301F-11D3-BF4B-00C04F79EFBC}") = "Labo3KnightVsGoblin", "Labo3KnightVsGoblin\Labo3KnightVsGoblin.csproj", "{10B12E23-B1D7-4FBA-86BD-74A761C01796}"
EndProject
Global
	GlobalSection(SolutionConfigurationPlatforms) = preSolution
		Debug|Any CPU = Debug|Any CPU
		Release|Any CPU = Release|Any CPU
	EndGlobalSection
	GlobalSection(ProjectConfigurationPlatforms) = postSolution
		{10B12E23-B1D7-4FBA-86BD-74A761C01796}.Debug|Any CPU.ActiveCfg = Debug|Any CPU
		{10B12E23-B1D7-4FBA-86BD-74A761C01796}.Debug|Any CPU.Build.0 = Debug|Any CPU
		{10B12E23-B1D7-4FBA-86BD-74A761C01796}.Release|Any CPU.ActiveCfg = Release|Any CPU
		{10B12E23-B1D7-4FBA-86BD-74A761C01796}.Release|Any CPU.Build.0 = Release|Any CPU
	EndGlobalSection
	GlobalSection(SolutionProperties) = preSolution
		HideSolutionNode = FALSE
	EndGlobalSection
	GlobalSection(ExtensibilityGlobals) = postSolution
		SolutionGuid = {B8DFDF40-F3D2-4F46-9CED-A83765ABDF8C}
	EndGlobalSection
EndGlobal
