
Microsoft Visual Studio Solution File, Format Version 12.00
# Visual Studio Version 17
VisualStudioVersion = 17.11.35303.130
MinimumVisualStudioVersion = 10.0.40219.1
Project("{FAE04EC0-301F-11D3-BF4B-00C04F79EFBC}") = "WeddeBerekenen", "WeddeBerekenen\WeddeBerekenen.csproj", "{7AF79A4C-7B19-41C9-9588-551ACD4A8952}"
EndProject
Global
	GlobalSection(SolutionConfigurationPlatforms) = preSolution
		Debug|Any CPU = Debug|Any CPU
		Release|Any CPU = Release|Any CPU
	EndGlobalSection
	GlobalSection(ProjectConfigurationPlatforms) = postSolution
		{7AF79A4C-7B19-41C9-9588-551ACD4A8952}.Debug|Any CPU.ActiveCfg = Debug|Any CPU
		{7AF79A4C-7B19-41C9-9588-551ACD4A8952}.Debug|Any CPU.Build.0 = Debug|Any CPU
		{7AF79A4C-7B19-41C9-9588-551ACD4A8952}.Release|Any CPU.ActiveCfg = Release|Any CPU
		{7AF79A4C-7B19-41C9-9588-551ACD4A8952}.Release|Any CPU.Build.0 = Release|Any CPU
	EndGlobalSection
	GlobalSection(SolutionProperties) = preSolution
		HideSolutionNode = FALSE
	EndGlobalSection
	GlobalSection(ExtensibilityGlobals) = postSolution
		SolutionGuid = {DA1EED5F-8B67-4178-96AE-40B6702F9F61}
	EndGlobalSection
EndGlobal
