
Microsoft Visual Studio Solution File, Format Version 12.00
# Visual Studio Version 17
VisualStudioVersion = 17.10.34928.147
MinimumVisualStudioVersion = 10.0.40219.1
Project("{FAE04EC0-301F-11D3-BF4B-00C04F79EFBC}") = "CreateSP", "CreateSP.csproj", "{15F4CA43-FB0F-4BD8-8A19-C55D14BE9C30}"
EndProject
Global
	GlobalSection(SolutionConfigurationPlatforms) = preSolution
		Debug|Any CPU = Debug|Any CPU
		Release|Any CPU = Release|Any CPU
	EndGlobalSection
	GlobalSection(ProjectConfigurationPlatforms) = postSolution
		{15F4CA43-FB0F-4BD8-8A19-C55D14BE9C30}.Debug|Any CPU.ActiveCfg = Debug|Any CPU
		{15F4CA43-FB0F-4BD8-8A19-C55D14BE9C30}.Debug|Any CPU.Build.0 = Debug|Any CPU
		{15F4CA43-FB0F-4BD8-8A19-C55D14BE9C30}.Release|Any CPU.ActiveCfg = Release|Any CPU
		{15F4CA43-FB0F-4BD8-8A19-C55D14BE9C30}.Release|Any CPU.Build.0 = Release|Any CPU
	EndGlobalSection
	GlobalSection(SolutionProperties) = preSolution
		HideSolutionNode = FALSE
	EndGlobalSection
	GlobalSection(ExtensibilityGlobals) = postSolution
		SolutionGuid = {BC41BE04-559C-4945-9E52-55CE575E331B}
	EndGlobalSection
EndGlobal
