
Microsoft Visual Studio Solution File, Format Version 12.00
# Visual Studio Version 17
VisualStudioVersion = 17.11.35303.130
MinimumVisualStudioVersion = 10.0.40219.1
Project("{FAE04EC0-301F-11D3-BF4B-00C04F79EFBC}") = "KnightVsGoblin1", "KnightVsGoblin1\KnightVsGoblin1.csproj", "{0E5CE339-F078-4C6B-8DDD-84A5BC289819}"
EndProject
Global
	GlobalSection(SolutionConfigurationPlatforms) = preSolution
		Debug|Any CPU = Debug|Any CPU
		Release|Any CPU = Release|Any CPU
	EndGlobalSection
	GlobalSection(ProjectConfigurationPlatforms) = postSolution
		{0E5CE339-F078-4C6B-8DDD-84A5BC289819}.Debug|Any CPU.ActiveCfg = Debug|Any CPU
		{0E5CE339-F078-4C6B-8DDD-84A5BC289819}.Debug|Any CPU.Build.0 = Debug|Any CPU
		{0E5CE339-F078-4C6B-8DDD-84A5BC289819}.Release|Any CPU.ActiveCfg = Release|Any CPU
		{0E5CE339-F078-4C6B-8DDD-84A5BC289819}.Release|Any CPU.Build.0 = Release|Any CPU
	EndGlobalSection
	GlobalSection(SolutionProperties) = preSolution
		HideSolutionNode = FALSE
	EndGlobalSection
	GlobalSection(ExtensibilityGlobals) = postSolution
		SolutionGuid = {EA9E254F-8B54-47A2-B217-6F839B0775DB}
	EndGlobalSection
EndGlobal
